
Microsoft Visual Studio Solution File, Format Version 12.00
# Visual Studio 15
VisualStudioVersion = 15.0.28307.1622
MinimumVisualStudioVersion = 10.0.40219.1
Project("{FAE04EC0-301F-11D3-BF4B-00C04F79EFBC}") = "Корчуганов", "Корчуганов\Корчуганов.csproj", "{E6F9BD41-D414-4977-9D07-72F9CDC58797}"
EndProject
Global
	GlobalSection(SolutionConfigurationPlatforms) = preSolution
		Debug|Any CPU = Debug|Any CPU
		Release|Any CPU = Release|Any CPU
	EndGlobalSection
	GlobalSection(ProjectConfigurationPlatforms) = postSolution
		{E6F9BD41-D414-4977-9D07-72F9CDC58797}.Debug|Any CPU.ActiveCfg = Debug|Any CPU
		{E6F9BD41-D414-4977-9D07-72F9CDC58797}.Debug|Any CPU.Build.0 = Debug|Any CPU
		{E6F9BD41-D414-4977-9D07-72F9CDC58797}.Release|Any CPU.ActiveCfg = Release|Any CPU
		{E6F9BD41-D414-4977-9D07-72F9CDC58797}.Release|Any CPU.Build.0 = Release|Any CPU
	EndGlobalSection
	GlobalSection(SolutionProperties) = preSolution
		HideSolutionNode = FALSE
	EndGlobalSection
	GlobalSection(ExtensibilityGlobals) = postSolution
		SolutionGuid = {C1F6989F-1C61-46F8-877F-87D548A58DC4}
	EndGlobalSection
EndGlobal
